
Microsoft Visual Studio Solution File, Format Version 10.00
# Visual C++ Express 2008
Project("{8BC9CEB8-8B4A-11D0-8D11-00A0C91BC942}") = "Renderer-2.x", "Renderer-2.x.vcproj", "{7FBEA2C4-9667-4BD0-9A0C-4BF316301938}"
EndProject
Global
	GlobalSection(SolutionConfigurationPlatforms) = preSolution
		Debug|Win32 = Debug|Win32
		Release|Win32 = Release|Win32
	EndGlobalSection
	GlobalSection(ProjectConfigurationPlatforms) = postSolution
		{7FBEA2C4-9667-4BD0-9A0C-4BF316301938}.Debug|Win32.ActiveCfg = Debug|Win32
		{7FBEA2C4-9667-4BD0-9A0C-4BF316301938}.Debug|Win32.Build.0 = Debug|Win32
		{7FBEA2C4-9667-4BD0-9A0C-4BF316301938}.Release|Win32.ActiveCfg = Release|Win32
		{7FBEA2C4-9667-4BD0-9A0C-4BF316301938}.Release|Win32.Build.0 = Release|Win32
	EndGlobalSection
	GlobalSection(SolutionProperties) = preSolution
		HideSolutionNode = FALSE
	EndGlobalSection
EndGlobal
